// !$*UTF8*$!
{
	archiveVersion = 1;
	classes = {
	};
	objectVersion = 56;
	objects = {

/* Begin PBXBuildFile section */
		5D64E0422B4DB99E009EBA46 /* SomeNewFile.swift in Sources */ = {isa = PBXBuildFile; fileRef = 5D64E0412B4DB99E009EBA46 /* SomeNewFile.swift */; };
		5DF53AE92B46B76500C8235B /* TestVSCodeApp.swift in Sources */ = {isa = PBXBuildFile; fileRef = 5DF53AE82B46B76500C8235B /* TestVSCodeApp.swift */; };
		5DF53AEB2B46B76500C8235B /* ContentView.swift in Sources */ = {isa = PBXBuildFile; fileRef = 5DF53AEA2B46B76500C8235B /* ContentView.swift */; };
		5DF53AED2B46B76600C8235B /* Assets.xcassets in Resources */ = {isa = PBXBuildFile; fileRef = 5DF53AEC2B46B76600C8235B /* Assets.xcassets */; };
		5DF53AF02B46B76600C8235B /* Preview Assets.xcassets in Resources */ = {isa = PBXBuildFile; fileRef = 5DF53AEF2B46B76600C8235B /* Preview Assets.xcassets */; };
		5DF53AFA2B46B76600C8235B /* TestVSCodeTests.swift in Sources */ = {isa = PBXBuildFile; fileRef = 5DF53AF92B46B76600C8235B /* TestVSCodeTests.swift */; };
		5DF53B042B46B76600C8235B /* TestVSCodeUITests.swift in Sources */ = {isa = PBXBuildFile; fileRef = 5DF53B032B46B76600C8235B /* TestVSCodeUITests.swift */; };
		5DF53B062B46B76600C8235B /* TestVSCodeUITestsLaunchTests.swift in Sources */ = {isa = PBXBuildFile; fileRef = 5DF53B052B46B76600C8235B /* TestVSCodeUITestsLaunchTests.swift */; };
/* End PBXBuildFile section */

/* Begin PBXContainerItemProxy section */
		5DF53AF62B46B76600C8235B /* PBXContainerItemProxy */ = {
			isa = PBXContainerItemProxy;
			containerPortal = 5DF53ADD2B46B76500C8235B /* Project object */;
			proxyType = 1;
			remoteGlobalIDString = 5DF53AE42B46B76500C8235B;
			remoteInfo = TestVSCode;
		};
		5DF53B002B46B76600C8235B /* PBXContainerItemProxy */ = {
			isa = PBXContainerItemProxy;
			containerPortal = 5DF53ADD2B46B76500C8235B /* Project object */;
			proxyType = 1;
			remoteGlobalIDString = 5DF53AE42B46B76500C8235B;
			remoteInfo = TestVSCode;
		};
/* End PBXContainerItemProxy section */

/* Begin PBXCopyFilesBuildPhase section */
		5DD336B02B4B25AA00A8FF39 /* Embed Foundation Extensions */ = {
			isa = PBXCopyFilesBuildPhase;
			buildActionMask = 2147483647;
			dstPath = "";
			dstSubfolderSpec = 13;
			files = (
			);
			name = "Embed Foundation Extensions";
			runOnlyForDeploymentPostprocessing = 0;
		};
/* End PBXCopyFilesBuildPhase section */

/* Begin PBXFileReference section */
		5D64E0412B4DB99E009EBA46 /* SomeNewFile.swift */ = {isa = PBXFileReference; lastKnownFileType = sourcecode.swift; path = SomeNewFile.swift; sourceTree = "<group>"; };
		5DD336A22B4B25AA00A8FF39 /* UniformTypeIdentifiers.framework */ = {isa = PBXFileReference; lastKnownFileType = wrapper.framework; name = UniformTypeIdentifiers.framework; path = System/Library/Frameworks/UniformTypeIdentifiers.framework; sourceTree = SDKROOT; };
		5DD336A52B4B25AA00A8FF39 /* Media.xcassets */ = {isa = PBXFileReference; lastKnownFileType = folder.assetcatalog; path = Media.xcassets; sourceTree = "<group>"; };
		5DD336A72B4B25AA00A8FF39 /* ActionViewController.swift */ = {isa = PBXFileReference; lastKnownFileType = sourcecode.swift; path = ActionViewController.swift; sourceTree = "<group>"; };
		5DD336AA2B4B25AA00A8FF39 /* Base */ = {isa = PBXFileReference; lastKnownFileType = file.storyboard; name = Base; path = Base.lproj/MainInterface.storyboard; sourceTree = "<group>"; };
		5DD336AC2B4B25AA00A8FF39 /* Info.plist */ = {isa = PBXFileReference; lastKnownFileType = text.plist.xml; path = Info.plist; sourceTree = "<group>"; };
		5DF53AE52B46B76500C8235B /* TestVSCode.app */ = {isa = PBXFileReference; explicitFileType = wrapper.application; includeInIndex = 0; path = TestVSCode.app; sourceTree = BUILT_PRODUCTS_DIR; };
		5DF53AE82B46B76500C8235B /* TestVSCodeApp.swift */ = {isa = PBXFileReference; lastKnownFileType = sourcecode.swift; path = TestVSCodeApp.swift; sourceTree = "<group>"; };
		5DF53AEA2B46B76500C8235B /* ContentView.swift */ = {isa = PBXFileReference; lastKnownFileType = sourcecode.swift; path = ContentView.swift; sourceTree = "<group>"; };
		5DF53AEC2B46B76600C8235B /* Assets.xcassets */ = {isa = PBXFileReference; lastKnownFileType = folder.assetcatalog; path = Assets.xcassets; sourceTree = "<group>"; };
		5DF53AEF2B46B76600C8235B /* Preview Assets.xcassets */ = {isa = PBXFileReference; lastKnownFileType = folder.assetcatalog; path = "Preview Assets.xcassets"; sourceTree = "<group>"; };
		5DF53AF52B46B76600C8235B /* TestVSCodeTests.xctest */ = {isa = PBXFileReference; explicitFileType = wrapper.cfbundle; includeInIndex = 0; path = TestVSCodeTests.xctest; sourceTree = BUILT_PRODUCTS_DIR; };
		5DF53AF92B46B76600C8235B /* TestVSCodeTests.swift */ = {isa = PBXFileReference; lastKnownFileType = sourcecode.swift; path = TestVSCodeTests.swift; sourceTree = "<group>"; };
		5DF53AFF2B46B76600C8235B /* TestVSCodeUITests.xctest */ = {isa = PBXFileReference; explicitFileType = wrapper.cfbundle; includeInIndex = 0; path = TestVSCodeUITests.xctest; sourceTree = BUILT_PRODUCTS_DIR; };
		5DF53B032B46B76600C8235B /* TestVSCodeUITests.swift */ = {isa = PBXFileReference; lastKnownFileType = sourcecode.swift; path = TestVSCodeUITests.swift; sourceTree = "<group>"; };
		5DF53B052B46B76600C8235B /* TestVSCodeUITestsLaunchTests.swift */ = {isa = PBXFileReference; lastKnownFileType = sourcecode.swift; path = TestVSCodeUITestsLaunchTests.swift; sourceTree = "<group>"; };
/* End PBXFileReference section */

/* Begin PBXFrameworksBuildPhase section */
		5DF53AE22B46B76500C8235B /* Frameworks */ = {
			isa = PBXFrameworksBuildPhase;
			buildActionMask = 2147483647;
			files = (
			);
			runOnlyForDeploymentPostprocessing = 0;
		};
		5DF53AF22B46B76600C8235B /* Frameworks */ = {
			isa = PBXFrameworksBuildPhase;
			buildActionMask = 2147483647;
			files = (
			);
			runOnlyForDeploymentPostprocessing = 0;
		};
		5DF53AFC2B46B76600C8235B /* Frameworks */ = {
			isa = PBXFrameworksBuildPhase;
			buildActionMask = 2147483647;
			files = (
			);
			runOnlyForDeploymentPostprocessing = 0;
		};
/* End PBXFrameworksBuildPhase section */

/* Begin PBXGroup section */
		5DD336A12B4B25AA00A8FF39 /* Frameworks */ = {
			isa = PBXGroup;
			children = (
				5DD336A22B4B25AA00A8FF39 /* UniformTypeIdentifiers.framework */,
			);
			name = Frameworks;
			sourceTree = "<group>";
		};
		5DD336A42B4B25AA00A8FF39 /* Action */ = {
			isa = PBXGroup;
			children = (
				5DD336A52B4B25AA00A8FF39 /* Media.xcassets */,
				5DD336A72B4B25AA00A8FF39 /* ActionViewController.swift */,
				5DD336A92B4B25AA00A8FF39 /* MainInterface.storyboard */,
				5DD336AC2B4B25AA00A8FF39 /* Info.plist */,
			);
			path = Action;
			sourceTree = "<group>";
		};
		5DF53ADC2B46B76500C8235B = {
			isa = PBXGroup;
			children = (
				5DF53AE72B46B76500C8235B /* TestVSCode */,
				5DF53AF82B46B76600C8235B /* TestVSCodeTests */,
				5DF53B022B46B76600C8235B /* TestVSCodeUITests */,
				5DD336A42B4B25AA00A8FF39 /* Action */,
				5DD336A12B4B25AA00A8FF39 /* Frameworks */,
				5DF53AE62B46B76500C8235B /* Products */,
			);
			sourceTree = "<group>";
		};
		5DF53AE62B46B76500C8235B /* Products */ = {
			isa = PBXGroup;
			children = (
				5DF53AE52B46B76500C8235B /* TestVSCode.app */,
				5DF53AF52B46B76600C8235B /* TestVSCodeTests.xctest */,
				5DF53AFF2B46B76600C8235B /* TestVSCodeUITests.xctest */,
			);
			name = Products;
			sourceTree = "<group>";
		};
		5DF53AE72B46B76500C8235B /* TestVSCode */ = {
			isa = PBXGroup;
			children = (
				5DF53AE82B46B76500C8235B /* TestVSCodeApp.swift */,
				5DF53AEA2B46B76500C8235B /* ContentView.swift */,
				5DF53AEC2B46B76600C8235B /* Assets.xcassets */,
				5DF53AEE2B46B76600C8235B /* Preview Content */,
			);
			path = TestVSCode;
			sourceTree = "<group>";
		};
		5DF53AEE2B46B76600C8235B /* Preview Content */ = {
			isa = PBXGroup;
			children = (
				5DF53AEF2B46B76600C8235B /* Preview Assets.xcassets */,
			);
			path = "Preview Content";
			sourceTree = "<group>";
		};
		5DF53AF82B46B76600C8235B /* TestVSCodeTests */ = {
			isa = PBXGroup;
			children = (
				5DF53AF92B46B76600C8235B /* TestVSCodeTests.swift */,
				5D64E0412B4DB99E009EBA46 /* SomeNewFile.swift */,
			);
			path = TestVSCodeTests;
			sourceTree = "<group>";
		};
		5DF53B022B46B76600C8235B /* TestVSCodeUITests */ = {
			isa = PBXGroup;
			children = (
				5DF53B032B46B76600C8235B /* TestVSCodeUITests.swift */,
				5DF53B052B46B76600C8235B /* TestVSCodeUITestsLaunchTests.swift */,
			);
			path = TestVSCodeUITests;
			sourceTree = "<group>";
		};
/* End PBXGroup section */

/* Begin PBXNativeTarget section */
		5DF53AE42B46B76500C8235B /* TestVSCode */ = {
			isa = PBXNativeTarget;
			buildConfigurationList = 5DF53B092B46B76600C8235B /* Build configuration list for PBXNativeTarget "TestVSCode" */;
			buildPhases = (
				5DF53AE12B46B76500C8235B /* Sources */,
				5DF53AE22B46B76500C8235B /* Frameworks */,
				5DF53AE32B46B76500C8235B /* Resources */,
				5DD336B02B4B25AA00A8FF39 /* Embed Foundation Extensions */,
			);
			buildRules = (
			);
			dependencies = (
			);
			name = TestVSCode;
			productName = TestVSCode;
			productReference = 5DF53AE52B46B76500C8235B /* TestVSCode.app */;
			productType = "com.apple.product-type.application";
		};
		5DF53AF42B46B76600C8235B /* TestVSCodeTests */ = {
			isa = PBXNativeTarget;
			buildConfigurationList = 5DF53B0C2B46B76600C8235B /* Build configuration list for PBXNativeTarget "TestVSCodeTests" */;
			buildPhases = (
				5DF53AF12B46B76600C8235B /* Sources */,
				5DF53AF22B46B76600C8235B /* Frameworks */,
				5DF53AF32B46B76600C8235B /* Resources */,
			);
			buildRules = (
			);
			dependencies = (
				5DF53AF72B46B76600C8235B /* PBXTargetDependency */,
			);
			name = TestVSCodeTests;
			productName = TestVSCodeTests;
			productReference = 5DF53AF52B46B76600C8235B /* TestVSCodeTests.xctest */;
			productType = "com.apple.product-type.bundle.unit-test";
		};
		5DF53AFE2B46B76600C8235B /* TestVSCodeUITests */ = {
			isa = PBXNativeTarget;
			buildConfigurationList = 5DF53B0F2B46B76600C8235B /* Build configuration list for PBXNativeTarget "TestVSCodeUITests" */;
			buildPhases = (
				5DF53AFB2B46B76600C8235B /* Sources */,
				5DF53AFC2B46B76600C8235B /* Frameworks */,
				5DF53AFD2B46B76600C8235B /* Resources */,
			);
			buildRules = (
			);
			dependencies = (
				5DF53B012B46B76600C8235B /* PBXTargetDependency */,
			);
			name = TestVSCodeUITests;
			productName = TestVSCodeUITests;
			productReference = 5DF53AFF2B46B76600C8235B /* TestVSCodeUITests.xctest */;
			productType = "com.apple.product-type.bundle.ui-testing";
		};
/* End PBXNativeTarget section */

/* Begin PBXProject section */
		5DF53ADD2B46B76500C8235B /* Project object */ = {
			isa = PBXProject;
			attributes = {
				BuildIndependentTargetsInParallel = 1;
				LastSwiftUpdateCheck = 1500;
				LastUpgradeCheck = 1500;
				TargetAttributes = {
					5DF53AE42B46B76500C8235B = {
						CreatedOnToolsVersion = 15.0.1;
					};
					5DF53AF42B46B76600C8235B = {
						CreatedOnToolsVersion = 15.0.1;
						TestTargetID = 5DF53AE42B46B76500C8235B;
					};
					5DF53AFE2B46B76600C8235B = {
						CreatedOnToolsVersion = 15.0.1;
						TestTargetID = 5DF53AE42B46B76500C8235B;
					};
				};
			};
			buildConfigurationList = 5DF53AE02B46B76500C8235B /* Build configuration list for PBXProject "TestVSCode" */;
			compatibilityVersion = "Xcode 14.0";
			developmentRegion = en;
			hasScannedForEncodings = 0;
			knownRegions = (
				en,
				Base,
			);
			mainGroup = 5DF53ADC2B46B76500C8235B;
			productRefGroup = 5DF53AE62B46B76500C8235B /* Products */;
			projectDirPath = "";
			projectRoot = "";
			targets = (
				5DF53AE42B46B76500C8235B /* TestVSCode */,
				5DF53AF42B46B76600C8235B /* TestVSCodeTests */,
				5DF53AFE2B46B76600C8235B /* TestVSCodeUITests */,
			);
		};
/* End PBXProject section */

/* Begin PBXResourcesBuildPhase section */
		5DF53AE32B46B76500C8235B /* Resources */ = {
			isa = PBXResourcesBuildPhase;
			buildActionMask = 2147483647;
			files = (
				5DF53AF02B46B76600C8235B /* Preview Assets.xcassets in Resources */,
				5DF53AED2B46B76600C8235B /* Assets.xcassets in Resources */,
			);
			runOnlyForDeploymentPostprocessing = 0;
		};
		5DF53AF32B46B76600C8235B /* Resources */ = {
			isa = PBXResourcesBuildPhase;
			buildActionMask = 2147483647;
			files = (
			);
			runOnlyForDeploymentPostprocessing = 0;
		};
		5DF53AFD2B46B76600C8235B /* Resources */ = {
			isa = PBXResourcesBuildPhase;
			buildActionMask = 2147483647;
			files = (
			);
			runOnlyForDeploymentPostprocessing = 0;
		};
/* End PBXResourcesBuildPhase section */

/* Begin PBXSourcesBuildPhase section */
		5DF53AE12B46B76500C8235B /* Sources */ = {
			isa = PBXSourcesBuildPhase;
			buildActionMask = 2147483647;
			files = (
				5DF53AEB2B46B76500C8235B /* ContentView.swift in Sources */,
				5DF53AE92B46B76500C8235B /* TestVSCodeApp.swift in Sources */,
			);
			runOnlyForDeploymentPostprocessing = 0;
		};
		5DF53AF12B46B76600C8235B /* Sources */ = {
			isa = PBXSourcesBuildPhase;
			buildActionMask = 2147483647;
			files = (
				5D64E0422B4DB99E009EBA46 /* SomeNewFile.swift in Sources */,
				5DF53AFA2B46B76600C8235B /* TestVSCodeTests.swift in Sources */,
			);
			runOnlyForDeploymentPostprocessing = 0;
		};
		5DF53AFB2B46B76600C8235B /* Sources */ = {
			isa = PBXSourcesBuildPhase;
			buildActionMask = 2147483647;
			files = (
				5DF53B062B46B76600C8235B /* TestVSCodeUITestsLaunchTests.swift in Sources */,
				5DF53B042B46B76600C8235B /* TestVSCodeUITests.swift in Sources */,
			);
			runOnlyForDeploymentPostprocessing = 0;
		};
/* End PBXSourcesBuildPhase section */

/* Begin PBXTargetDependency section */
		5DF53AF72B46B76600C8235B /* PBXTargetDependency */ = {
			isa = PBXTargetDependency;
			target = 5DF53AE42B46B76500C8235B /* TestVSCode */;
			targetProxy = 5DF53AF62B46B76600C8235B /* PBXContainerItemProxy */;
		};
		5DF53B012B46B76600C8235B /* PBXTargetDependency */ = {
			isa = PBXTargetDependency;
			target = 5DF53AE42B46B76500C8235B /* TestVSCode */;
			targetProxy = 5DF53B002B46B76600C8235B /* PBXContainerItemProxy */;
		};
/* End PBXTargetDependency section */

/* Begin PBXVariantGroup section */
		5DD336A92B4B25AA00A8FF39 /* MainInterface.storyboard */ = {
			isa = PBXVariantGroup;
			children = (
				5DD336AA2B4B25AA00A8FF39 /* Base */,
			);
			name = MainInterface.storyboard;
			sourceTree = "<group>";
		};
/* End PBXVariantGroup section */

/* Begin XCBuildConfiguration section */
		5DF53B072B46B76600C8235B /* Debug */ = {
			isa = XCBuildConfiguration;
			buildSettings = {
				ALWAYS_SEARCH_USER_PATHS = NO;
				ASSETCATALOG_COMPILER_GENERATE_SWIFT_ASSET_SYMBOL_EXTENSIONS = YES;
				CLANG_ANALYZER_NONNULL = YES;
				CLANG_ANALYZER_NUMBER_OBJECT_CONVERSION = YES_AGGRESSIVE;
				CLANG_CXX_LANGUAGE_STANDARD = "gnu++20";
				CLANG_ENABLE_MODULES = YES;
				CLANG_ENABLE_OBJC_ARC = YES;
				CLANG_ENABLE_OBJC_WEAK = YES;
				CLANG_WARN_BLOCK_CAPTURE_AUTORELEASING = YES;
				CLANG_WARN_BOOL_CONVERSION = YES;
				CLANG_WARN_COMMA = YES;
				CLANG_WARN_CONSTANT_CONVERSION = YES;
				CLANG_WARN_DEPRECATED_OBJC_IMPLEMENTATIONS = YES;
				CLANG_WARN_DIRECT_OBJC_ISA_USAGE = YES_ERROR;
				CLANG_WARN_DOCUMENTATION_COMMENTS = YES;
				CLANG_WARN_EMPTY_BODY = YES;
				CLANG_WARN_ENUM_CONVERSION = YES;
				CLANG_WARN_INFINITE_RECURSION = YES;
				CLANG_WARN_INT_CONVERSION = YES;
				CLANG_WARN_NON_LITERAL_NULL_CONVERSION = YES;
				CLANG_WARN_OBJC_IMPLICIT_RETAIN_SELF = YES;
				CLANG_WARN_OBJC_LITERAL_CONVERSION = YES;
				CLANG_WARN_OBJC_ROOT_CLASS = YES_ERROR;
				CLANG_WARN_QUOTED_INCLUDE_IN_FRAMEWORK_HEADER = YES;
				CLANG_WARN_RANGE_LOOP_ANALYSIS = YES;
				CLANG_WARN_STRICT_PROTOTYPES = YES;
				CLANG_WARN_SUSPICIOUS_MOVE = YES;
				CLANG_WARN_UNGUARDED_AVAILABILITY = YES_AGGRESSIVE;
				CLANG_WARN_UNREACHABLE_CODE = YES;
				CLANG_WARN__DUPLICATE_METHOD_MATCH = YES;
				COPY_PHASE_STRIP = NO;
				DEBUG_INFORMATION_FORMAT = dwarf;
				ENABLE_STRICT_OBJC_MSGSEND = YES;
				ENABLE_TESTABILITY = YES;
				ENABLE_USER_SCRIPT_SANDBOXING = YES;
				GCC_C_LANGUAGE_STANDARD = gnu17;
				GCC_DYNAMIC_NO_PIC = NO;
				GCC_NO_COMMON_BLOCKS = YES;
				GCC_OPTIMIZATION_LEVEL = 0;
				GCC_PREPROCESSOR_DEFINITIONS = (
					"DEBUG=1",
					"$(inherited)",
				);
				GCC_WARN_64_TO_32_BIT_CONVERSION = YES;
				GCC_WARN_ABOUT_RETURN_TYPE = YES_ERROR;
				GCC_WARN_UNDECLARED_SELECTOR = YES;
				GCC_WARN_UNINITIALIZED_AUTOS = YES_AGGRESSIVE;
				GCC_WARN_UNUSED_FUNCTION = YES;
				GCC_WARN_UNUSED_VARIABLE = YES;
				IPHONEOS_DEPLOYMENT_TARGET = 16.0;
				LOCALIZATION_PREFERS_STRING_CATALOGS = YES;
				MTL_ENABLE_DEBUG_INFO = INCLUDE_SOURCE;
				MTL_FAST_MATH = YES;
				ONLY_ACTIVE_ARCH = YES;
				SDKROOT = iphoneos;
				SWIFT_ACTIVE_COMPILATION_CONDITIONS = "DEBUG $(inherited)";
				SWIFT_OPTIMIZATION_LEVEL = "-Onone";
			};
			name = Debug;
		};
		5DF53B082B46B76600C8235B /* Release */ = {
			isa = XCBuildConfiguration;
			buildSettings = {
				ALWAYS_SEARCH_USER_PATHS = NO;
				ASSETCATALOG_COMPILER_GENERATE_SWIFT_ASSET_SYMBOL_EXTENSIONS = YES;
				CLANG_ANALYZER_NONNULL = YES;
				CLANG_ANALYZER_NUMBER_OBJECT_CONVERSION = YES_AGGRESSIVE;
				CLANG_CXX_LANGUAGE_STANDARD = "gnu++20";
				CLANG_ENABLE_MODULES = YES;
				CLANG_ENABLE_OBJC_ARC = YES;
				CLANG_ENABLE_OBJC_WEAK = YES;
				CLANG_WARN_BLOCK_CAPTURE_AUTORELEASING = YES;
				CLANG_WARN_BOOL_CONVERSION = YES;
				CLANG_WARN_COMMA = YES;
				CLANG_WARN_CONSTANT_CONVERSION = YES;
				CLANG_WARN_DEPRECATED_OBJC_IMPLEMENTATIONS = YES;
				CLANG_WARN_DIRECT_OBJC_ISA_USAGE = YES_ERROR;
				CLANG_WARN_DOCUMENTATION_COMMENTS = YES;
				CLANG_WARN_EMPTY_BODY = YES;
				CLANG_WARN_ENUM_CONVERSION = YES;
				CLANG_WARN_INFINITE_RECURSION = YES;
				CLANG_WARN_INT_CONVERSION = YES;
				CLANG_WARN_NON_LITERAL_NULL_CONVERSION = YES;
				CLANG_WARN_OBJC_IMPLICIT_RETAIN_SELF = YES;
				CLANG_WARN_OBJC_LITERAL_CONVERSION = YES;
				CLANG_WARN_OBJC_ROOT_CLASS = YES_ERROR;
				CLANG_WARN_QUOTED_INCLUDE_IN_FRAMEWORK_HEADER = YES;
				CLANG_WARN_RANGE_LOOP_ANALYSIS = YES;
				CLANG_WARN_STRICT_PROTOTYPES = YES;
				CLANG_WARN_SUSPICIOUS_MOVE = YES;
				CLANG_WARN_UNGUARDED_AVAILABILITY = YES_AGGRESSIVE;
				CLANG_WARN_UNREACHABLE_CODE = YES;
				CLANG_WARN__DUPLICATE_METHOD_MATCH = YES;
				COPY_PHASE_STRIP = NO;
				DEBUG_INFORMATION_FORMAT = "dwarf-with-dsym";
				ENABLE_NS_ASSERTIONS = NO;
				ENABLE_STRICT_OBJC_MSGSEND = YES;
				ENABLE_USER_SCRIPT_SANDBOXING = YES;
				GCC_C_LANGUAGE_STANDARD = gnu17;
				GCC_NO_COMMON_BLOCKS = YES;
				GCC_WARN_64_TO_32_BIT_CONVERSION = YES;
				GCC_WARN_ABOUT_RETURN_TYPE = YES_ERROR;
				GCC_WARN_UNDECLARED_SELECTOR = YES;
				GCC_WARN_UNINITIALIZED_AUTOS = YES_AGGRESSIVE;
				GCC_WARN_UNUSED_FUNCTION = YES;
				GCC_WARN_UNUSED_VARIABLE = YES;
				IPHONEOS_DEPLOYMENT_TARGET = 16.0;
				LOCALIZATION_PREFERS_STRING_CATALOGS = YES;
				MTL_ENABLE_DEBUG_INFO = NO;
				MTL_FAST_MATH = YES;
				SDKROOT = iphoneos;
				SWIFT_COMPILATION_MODE = wholemodule;
				VALIDATE_PRODUCT = YES;
			};
			name = Release;
		};
		5DF53B0A2B46B76600C8235B /* Debug */ = {
			isa = XCBuildConfiguration;
			buildSettings = {
				ALWAYS_EMBED_SWIFT_STANDARD_LIBRARIES = YES;
				ASSETCATALOG_COMPILER_APPICON_NAME = AppIcon;
				ASSETCATALOG_COMPILER_GLOBAL_ACCENT_COLOR_NAME = AccentColor;
				CODE_SIGN_STYLE = Automatic;
				CURRENT_PROJECT_VERSION = 1;
				DEVELOPMENT_ASSET_PATHS = "\"TestVSCode/Preview Content\"";
				ENABLE_PREVIEWS = YES;
				GENERATE_INFOPLIST_FILE = YES;
				INFOPLIST_KEY_UIApplicationSceneManifest_Generation = YES;
				INFOPLIST_KEY_UIApplicationSupportsIndirectInputEvents = YES;
				INFOPLIST_KEY_UILaunchScreen_Generation = YES;
				INFOPLIST_KEY_UISupportedInterfaceOrientations_iPad = "UIInterfaceOrientationPortrait UIInterfaceOrientationPortraitUpsideDown UIInterfaceOrientationLandscapeLeft UIInterfaceOrientationLandscapeRight";
				INFOPLIST_KEY_UISupportedInterfaceOrientations_iPhone = "UIInterfaceOrientationPortrait UIInterfaceOrientationLandscapeLeft UIInterfaceOrientationLandscapeRight";
				LD_RUNPATH_SEARCH_PATHS = (
					"$(inherited)",
					"@executable_path/Frameworks",
				);
				MARKETING_VERSION = 1.0;
				PRODUCT_BUNDLE_IDENTIFIER = puzzle.TestVSCode;
				PRODUCT_NAME = "$(TARGET_NAME)";
				SWIFT_EMIT_LOC_STRINGS = YES;
				SWIFT_VERSION = 5.0;
				TARGETED_DEVICE_FAMILY = "1,2";
			};
			name = Debug;
		};
		5DF53B0B2B46B76600C8235B /* Release */ = {
			isa = XCBuildConfiguration;
			buildSettings = {
				ALWAYS_EMBED_SWIFT_STANDARD_LIBRARIES = YES;
				ASSETCATALOG_COMPILER_APPICON_NAME = AppIcon;
				ASSETCATALOG_COMPILER_GLOBAL_ACCENT_COLOR_NAME = AccentColor;
				CODE_SIGN_STYLE = Automatic;
				CURRENT_PROJECT_VERSION = 1;
				DEVELOPMENT_ASSET_PATHS = "\"TestVSCode/Preview Content\"";
				ENABLE_PREVIEWS = YES;
				GENERATE_INFOPLIST_FILE = YES;
				INFOPLIST_KEY_UIApplicationSceneManifest_Generation = YES;
				INFOPLIST_KEY_UIApplicationSupportsIndirectInputEvents = YES;
				INFOPLIST_KEY_UILaunchScreen_Generation = YES;
				INFOPLIST_KEY_UISupportedInterfaceOrientations_iPad = "UIInterfaceOrientationPortrait UIInterfaceOrientationPortraitUpsideDown UIInterfaceOrientationLandscapeLeft UIInterfaceOrientationLandscapeRight";
				INFOPLIST_KEY_UISupportedInterfaceOrientations_iPhone = "UIInterfaceOrientationPortrait UIInterfaceOrientationLandscapeLeft UIInterfaceOrientationLandscapeRight";
				LD_RUNPATH_SEARCH_PATHS = (
					"$(inherited)",
					"@executable_path/Frameworks",
				);
				MARKETING_VERSION = 1.0;
				PRODUCT_BUNDLE_IDENTIFIER = puzzle.TestVSCode;
				PRODUCT_NAME = "$(TARGET_NAME)";
				SWIFT_EMIT_LOC_STRINGS = YES;
				SWIFT_VERSION = 5.0;
				TARGETED_DEVICE_FAMILY = "1,2";
			};
			name = Release;
		};
		5DF53B0D2B46B76600C8235B /* Debug */ = {
			isa = XCBuildConfiguration;
			buildSettings = {
				ALWAYS_EMBED_SWIFT_STANDARD_LIBRARIES = YES;
				BUNDLE_LOADER = "$(TEST_HOST)";
				CODE_SIGN_STYLE = Automatic;
				CURRENT_PROJECT_VERSION = 1;
				GENERATE_INFOPLIST_FILE = YES;
				IPHONEOS_DEPLOYMENT_TARGET = 16.4;
				MARKETING_VERSION = 1.0;
				PRODUCT_BUNDLE_IDENTIFIER = puzzle.TestVSCodeTests;
				PRODUCT_NAME = "$(TARGET_NAME)";
				SWIFT_EMIT_LOC_STRINGS = NO;
				SWIFT_VERSION = 5.0;
				TARGETED_DEVICE_FAMILY = "1,2";
				TEST_HOST = "$(BUILT_PRODUCTS_DIR)/TestVSCode.app/$(BUNDLE_EXECUTABLE_FOLDER_PATH)/TestVSCode";
			};
			name = Debug;
		};
		5DF53B0E2B46B76600C8235B /* Release */ = {
			isa = XCBuildConfiguration;
			buildSettings = {
				ALWAYS_EMBED_SWIFT_STANDARD_LIBRARIES = YES;
				BUNDLE_LOADER = "$(TEST_HOST)";
				CODE_SIGN_STYLE = Automatic;
				CURRENT_PROJECT_VERSION = 1;
				GENERATE_INFOPLIST_FILE = YES;
				IPHONEOS_DEPLOYMENT_TARGET = 16.4;
				MARKETING_VERSION = 1.0;
				PRODUCT_BUNDLE_IDENTIFIER = puzzle.TestVSCodeTests;
				PRODUCT_NAME = "$(TARGET_NAME)";
				SWIFT_EMIT_LOC_STRINGS = NO;
				SWIFT_VERSION = 5.0;
				TARGETED_DEVICE_FAMILY = "1,2";
				TEST_HOST = "$(BUILT_PRODUCTS_DIR)/TestVSCode.app/$(BUNDLE_EXECUTABLE_FOLDER_PATH)/TestVSCode";
			};
			name = Release;
		};
		5DF53B102B46B76600C8235B /* Debug */ = {
			isa = XCBuildConfiguration;
			buildSettings = {
				ALWAYS_EMBED_SWIFT_STANDARD_LIBRARIES = YES;
				CODE_SIGN_STYLE = Automatic;
				CURRENT_PROJECT_VERSION = 1;
				GENERATE_INFOPLIST_FILE = YES;
				MARKETING_VERSION = 1.0;
				PRODUCT_BUNDLE_IDENTIFIER = puzzle.TestVSCodeUITests;
				PRODUCT_NAME = "$(TARGET_NAME)";
				SWIFT_EMIT_LOC_STRINGS = NO;
				SWIFT_VERSION = 5.0;
				TARGETED_DEVICE_FAMILY = "1,2";
				TEST_TARGET_NAME = TestVSCode;
			};
			name = Debug;
		};
		5DF53B112B46B76600C8235B /* Release */ = {
			isa = XCBuildConfiguration;
			buildSettings = {
				ALWAYS_EMBED_SWIFT_STANDARD_LIBRARIES = YES;
				CODE_SIGN_STYLE = Automatic;
				CURRENT_PROJECT_VERSION = 1;
				GENERATE_INFOPLIST_FILE = YES;
				MARKETING_VERSION = 1.0;
				PRODUCT_BUNDLE_IDENTIFIER = puzzle.TestVSCodeUITests;
				PRODUCT_NAME = "$(TARGET_NAME)";
				SWIFT_EMIT_LOC_STRINGS = NO;
				SWIFT_VERSION = 5.0;
				TARGETED_DEVICE_FAMILY = "1,2";
				TEST_TARGET_NAME = TestVSCode;
			};
			name = Release;
		};
/* End XCBuildConfiguration section */

/* Begin XCConfigurationList section */
		5DF53AE02B46B76500C8235B /* Build configuration list for PBXProject "TestVSCode" */ = {
			isa = XCConfigurationList;
			buildConfigurations = (
				5DF53B072B46B76600C8235B /* Debug */,
				5DF53B082B46B76600C8235B /* Release */,
			);
			defaultConfigurationIsVisible = 0;
			defaultConfigurationName = Release;
		};
		5DF53B092B46B76600C8235B /* Build configuration list for PBXNativeTarget "TestVSCode" */ = {
			isa = XCConfigurationList;
			buildConfigurations = (
				5DF53B0A2B46B76600C8235B /* Debug */,
				5DF53B0B2B46B76600C8235B /* Release */,
			);
			defaultConfigurationIsVisible = 0;
			defaultConfigurationName = Release;
		};
		5DF53B0C2B46B76600C8235B /* Build configuration list for PBXNativeTarget "TestVSCodeTests" */ = {
			isa = XCConfigurationList;
			buildConfigurations = (
				5DF53B0D2B46B76600C8235B /* Debug */,
				5DF53B0E2B46B76600C8235B /* Release */,
			);
			defaultConfigurationIsVisible = 0;
			defaultConfigurationName = Release;
		};
		5DF53B0F2B46B76600C8235B /* Build configuration list for PBXNativeTarget "TestVSCodeUITests" */ = {
			isa = XCConfigurationList;
			buildConfigurations = (
				5DF53B102B46B76600C8235B /* Debug */,
				5DF53B112B46B76600C8235B /* Release */,
			);
			defaultConfigurationIsVisible = 0;
			defaultConfigurationName = Release;
		};
/* End XCConfigurationList section */
	};
	rootObject = 5DF53ADD2B46B76500C8235B /* Project object */;
}
